
Microsoft Visual Studio Solution File, Format Version 12.00
# Visual Studio Version 17
VisualStudioVersion = 17.10.35122.118
MinimumVisualStudioVersion = 10.0.40219.1
Project("{9A19103F-16F7-4668-BE54-9A1E7A4F7556}") = "MyMongoApi", "MyMongoApi\MyMongoApi.csproj", "{C7D84BA9-0B38-431D-B5D0-AAF4BA116EBC}"
EndProject
Project("{9A19103F-16F7-4668-BE54-9A1E7A4F7556}") = "AnotherApi", "AnotherApi\AnotherApi.csproj", "{C7082664-B3B0-45DE-AFE0-2C8AA3BF9DF3}"
EndProject
Global
	GlobalSection(SolutionConfigurationPlatforms) = preSolution
		Debug|Any CPU = Debug|Any CPU
		Release|Any CPU = Release|Any CPU
	EndGlobalSection
	GlobalSection(ProjectConfigurationPlatforms) = postSolution
		{C7D84BA9-0B38-431D-B5D0-AAF4BA116EBC}.Debug|Any CPU.ActiveCfg = Debug|Any CPU
		{C7D84BA9-0B38-431D-B5D0-AAF4BA116EBC}.Debug|Any CPU.Build.0 = Debug|Any CPU
		{C7D84BA9-0B38-431D-B5D0-AAF4BA116EBC}.Release|Any CPU.ActiveCfg = Release|Any CPU
		{C7D84BA9-0B38-431D-B5D0-AAF4BA116EBC}.Release|Any CPU.Build.0 = Release|Any CPU
		{C7082664-B3B0-45DE-AFE0-2C8AA3BF9DF3}.Debug|Any CPU.ActiveCfg = Debug|Any CPU
		{C7082664-B3B0-45DE-AFE0-2C8AA3BF9DF3}.Debug|Any CPU.Build.0 = Debug|Any CPU
		{C7082664-B3B0-45DE-AFE0-2C8AA3BF9DF3}.Release|Any CPU.ActiveCfg = Release|Any CPU
		{C7082664-B3B0-45DE-AFE0-2C8AA3BF9DF3}.Release|Any CPU.Build.0 = Release|Any CPU
	EndGlobalSection
	GlobalSection(SolutionProperties) = preSolution
		HideSolutionNode = FALSE
	EndGlobalSection
	GlobalSection(ExtensibilityGlobals) = postSolution
		SolutionGuid = {AB18A4ED-EF3D-467A-9095-802E8B45B470}
	EndGlobalSection
EndGlobal
